
Microsoft Visual Studio Solution File, Format Version 12.00
# Visual Studio 15
VisualStudioVersion = 15.0.28307.329
MinimumVisualStudioVersion = 10.0.40219.1
Project("{2150E333-8FDC-42A3-9474-1A3956D46DE8}") = "src", "src", "{7F8C2556-9D04-40F4-B282-6C25FCE76B6E}"
EndProject
Project("{9A19103F-16F7-4668-BE54-9A1E7A4F7556}") = "Light.Cron", "src\Light.Cron\Light.Cron.csproj", "{36BCE793-E7DE-45C5-9EED-BAF749AF9EA0}"
EndProject
Project("{2150E333-8FDC-42A3-9474-1A3956D46DE8}") = "test", "test", "{B7F542E0-8B32-4CD4-AD01-C302BA44A2FB}"
EndProject
Project("{FAE04EC0-301F-11D3-BF4B-00C04F79EFBC}") = "Light.Cron.Test", "test\Light.Cron.Test\Light.Cron.Test.csproj", "{2F298A3B-3511-4140-9AFA-40B2C3A909A0}"
EndProject
Global
	GlobalSection(SolutionConfigurationPlatforms) = preSolution
		Debug|Any CPU = Debug|Any CPU
		Release|Any CPU = Release|Any CPU
	EndGlobalSection
	GlobalSection(ProjectConfigurationPlatforms) = postSolution
		{36BCE793-E7DE-45C5-9EED-BAF749AF9EA0}.Debug|Any CPU.ActiveCfg = Debug|Any CPU
		{36BCE793-E7DE-45C5-9EED-BAF749AF9EA0}.Debug|Any CPU.Build.0 = Debug|Any CPU
		{36BCE793-E7DE-45C5-9EED-BAF749AF9EA0}.Release|Any CPU.ActiveCfg = Release|Any CPU
		{36BCE793-E7DE-45C5-9EED-BAF749AF9EA0}.Release|Any CPU.Build.0 = Release|Any CPU
		{2F298A3B-3511-4140-9AFA-40B2C3A909A0}.Debug|Any CPU.ActiveCfg = Debug|Any CPU
		{2F298A3B-3511-4140-9AFA-40B2C3A909A0}.Debug|Any CPU.Build.0 = Debug|Any CPU
		{2F298A3B-3511-4140-9AFA-40B2C3A909A0}.Release|Any CPU.ActiveCfg = Release|Any CPU
		{2F298A3B-3511-4140-9AFA-40B2C3A909A0}.Release|Any CPU.Build.0 = Release|Any CPU
	EndGlobalSection
	GlobalSection(SolutionProperties) = preSolution
		HideSolutionNode = FALSE
	EndGlobalSection
	GlobalSection(NestedProjects) = preSolution
		{36BCE793-E7DE-45C5-9EED-BAF749AF9EA0} = {7F8C2556-9D04-40F4-B282-6C25FCE76B6E}
		{2F298A3B-3511-4140-9AFA-40B2C3A909A0} = {B7F542E0-8B32-4CD4-AD01-C302BA44A2FB}
	EndGlobalSection
	GlobalSection(ExtensibilityGlobals) = postSolution
		SolutionGuid = {96F23179-2974-4701-97EF-190073D52666}
	EndGlobalSection
EndGlobal
